
Microsoft Visual Studio Solution File, Format Version 12.00
# Visual Studio Version 16
VisualStudioVersion = 16.0.30611.23
MinimumVisualStudioVersion = 10.0.40219.1
Project("{FAE04EC0-301F-11D3-BF4B-00C04F79EFBC}") = "RestApiTest", "RestApiTest\RestApiTest.csproj", "{28601B52-9860-486A-AA3A-9D771AE4F552}"
EndProject
Global
	GlobalSection(SolutionConfigurationPlatforms) = preSolution
		Debug|Any CPU = Debug|Any CPU
		Release|Any CPU = Release|Any CPU
	EndGlobalSection
	GlobalSection(ProjectConfigurationPlatforms) = postSolution
		{28601B52-9860-486A-AA3A-9D771AE4F552}.Debug|Any CPU.ActiveCfg = Debug|Any CPU
		{28601B52-9860-486A-AA3A-9D771AE4F552}.Debug|Any CPU.Build.0 = Debug|Any CPU
		{28601B52-9860-486A-AA3A-9D771AE4F552}.Release|Any CPU.ActiveCfg = Release|Any CPU
		{28601B52-9860-486A-AA3A-9D771AE4F552}.Release|Any CPU.Build.0 = Release|Any CPU
	EndGlobalSection
	GlobalSection(SolutionProperties) = preSolution
		HideSolutionNode = FALSE
	EndGlobalSection
	GlobalSection(ExtensibilityGlobals) = postSolution
		SolutionGuid = {5AE1C959-77E9-4930-8486-B598C513548C}
	EndGlobalSection
EndGlobal
